
Microsoft Visual Studio Solution File, Format Version 12.00
# Visual Studio Version 16
VisualStudioVersion = 16.0.29306.81
MinimumVisualStudioVersion = 10.0.40219.1
Project("{888888A0-9F3D-457C-B088-3A5042F75D52}") = "SamplePythonApp", "SamplePythonApp.pyproj", "{48A0B8C8-C3FC-43B9-8974-35B4469521BE}"
EndProject
Global
	GlobalSection(SolutionConfigurationPlatforms) = preSolution
		Debug|Any CPU = Debug|Any CPU
		Release|Any CPU = Release|Any CPU
	EndGlobalSection
	GlobalSection(ProjectConfigurationPlatforms) = postSolution
		{48A0B8C8-C3FC-43B9-8974-35B4469521BE}.Debug|Any CPU.ActiveCfg = Debug|Any CPU
		{48A0B8C8-C3FC-43B9-8974-35B4469521BE}.Release|Any CPU.ActiveCfg = Release|Any CPU
	EndGlobalSection
	GlobalSection(SolutionProperties) = preSolution
		HideSolutionNode = FALSE
	EndGlobalSection
	GlobalSection(ExtensibilityGlobals) = postSolution
		SolutionGuid = {2D4E6E7B-C8C4-4F8F-A257-12618998FB27}
	EndGlobalSection
EndGlobal
